
Microsoft Visual Studio Solution File, Format Version 12.00
# Visual Studio 15
VisualStudioVersion = 15.0.26124.0
MinimumVisualStudioVersion = 15.0.26124.0
Project("{2150E333-8FDC-42A3-9474-1A3956D46DE8}") = "src", "src", "{64DF7F89-EFF8-48DB-8A62-8FBBCB69754C}"
EndProject
Project("{F2A71F9B-5D33-465A-A702-920D77279786}") = "TaxLib", "src\TaxLib\TaxLib.fsproj", "{0A47FE8A-B887-4DE3-8AE4-AFFD989CC209}"
EndProject
Project("{2150E333-8FDC-42A3-9474-1A3956D46DE8}") = "tests", "tests", "{DE24EB0A-1351-48DA-B228-29EF77D9CA9F}"
EndProject
Project("{F2A71F9B-5D33-465A-A702-920D77279786}") = "ECommerceTests", "tests\ECommerceTests\ECommerceTests.fsproj", "{F96F5EDE-A1B5-4966-B02D-B80CDCB978D8}"
EndProject
Global
	GlobalSection(SolutionConfigurationPlatforms) = preSolution
		Debug|Any CPU = Debug|Any CPU
		Debug|x64 = Debug|x64
		Debug|x86 = Debug|x86
		Release|Any CPU = Release|Any CPU
		Release|x64 = Release|x64
		Release|x86 = Release|x86
	EndGlobalSection
	GlobalSection(SolutionProperties) = preSolution
		HideSolutionNode = FALSE
	EndGlobalSection
	GlobalSection(ProjectConfigurationPlatforms) = postSolution
		{0A47FE8A-B887-4DE3-8AE4-AFFD989CC209}.Debug|Any CPU.ActiveCfg = Debug|Any CPU
		{0A47FE8A-B887-4DE3-8AE4-AFFD989CC209}.Debug|Any CPU.Build.0 = Debug|Any CPU
		{0A47FE8A-B887-4DE3-8AE4-AFFD989CC209}.Debug|x64.ActiveCfg = Debug|Any CPU
		{0A47FE8A-B887-4DE3-8AE4-AFFD989CC209}.Debug|x64.Build.0 = Debug|Any CPU
		{0A47FE8A-B887-4DE3-8AE4-AFFD989CC209}.Debug|x86.ActiveCfg = Debug|Any CPU
		{0A47FE8A-B887-4DE3-8AE4-AFFD989CC209}.Debug|x86.Build.0 = Debug|Any CPU
		{0A47FE8A-B887-4DE3-8AE4-AFFD989CC209}.Release|Any CPU.ActiveCfg = Release|Any CPU
		{0A47FE8A-B887-4DE3-8AE4-AFFD989CC209}.Release|Any CPU.Build.0 = Release|Any CPU
		{0A47FE8A-B887-4DE3-8AE4-AFFD989CC209}.Release|x64.ActiveCfg = Release|Any CPU
		{0A47FE8A-B887-4DE3-8AE4-AFFD989CC209}.Release|x64.Build.0 = Release|Any CPU
		{0A47FE8A-B887-4DE3-8AE4-AFFD989CC209}.Release|x86.ActiveCfg = Release|Any CPU
		{0A47FE8A-B887-4DE3-8AE4-AFFD989CC209}.Release|x86.Build.0 = Release|Any CPU
		{F96F5EDE-A1B5-4966-B02D-B80CDCB978D8}.Debug|Any CPU.ActiveCfg = Debug|Any CPU
		{F96F5EDE-A1B5-4966-B02D-B80CDCB978D8}.Debug|Any CPU.Build.0 = Debug|Any CPU
		{F96F5EDE-A1B5-4966-B02D-B80CDCB978D8}.Debug|x64.ActiveCfg = Debug|Any CPU
		{F96F5EDE-A1B5-4966-B02D-B80CDCB978D8}.Debug|x64.Build.0 = Debug|Any CPU
		{F96F5EDE-A1B5-4966-B02D-B80CDCB978D8}.Debug|x86.ActiveCfg = Debug|Any CPU
		{F96F5EDE-A1B5-4966-B02D-B80CDCB978D8}.Debug|x86.Build.0 = Debug|Any CPU
		{F96F5EDE-A1B5-4966-B02D-B80CDCB978D8}.Release|Any CPU.ActiveCfg = Release|Any CPU
		{F96F5EDE-A1B5-4966-B02D-B80CDCB978D8}.Release|Any CPU.Build.0 = Release|Any CPU
		{F96F5EDE-A1B5-4966-B02D-B80CDCB978D8}.Release|x64.ActiveCfg = Release|Any CPU
		{F96F5EDE-A1B5-4966-B02D-B80CDCB978D8}.Release|x64.Build.0 = Release|Any CPU
		{F96F5EDE-A1B5-4966-B02D-B80CDCB978D8}.Release|x86.ActiveCfg = Release|Any CPU
		{F96F5EDE-A1B5-4966-B02D-B80CDCB978D8}.Release|x86.Build.0 = Release|Any CPU
	EndGlobalSection
	GlobalSection(NestedProjects) = preSolution
		{0A47FE8A-B887-4DE3-8AE4-AFFD989CC209} = {64DF7F89-EFF8-48DB-8A62-8FBBCB69754C}
		{F96F5EDE-A1B5-4966-B02D-B80CDCB978D8} = {DE24EB0A-1351-48DA-B228-29EF77D9CA9F}
	EndGlobalSection
EndGlobal
